
Microsoft Visual Studio Solution File, Format Version 12.00
# Visual Studio Version 17
VisualStudioVersion = 17.3.32929.385
MinimumVisualStudioVersion = 10.0.40219.1
Project("{FAE04EC0-301F-11D3-BF4B-00C04F79EFBC}") = "Stage0", "Stage0\Stage0.csproj", "{4449A886-A8FA-4ECD-B87F-9CB75E2B011F}"
EndProject
Global
	GlobalSection(SolutionConfigurationPlatforms) = preSolution
		Debug|Any CPU = Debug|Any CPU
		Release|Any CPU = Release|Any CPU
	EndGlobalSection
	GlobalSection(ProjectConfigurationPlatforms) = postSolution
		{4449A886-A8FA-4ECD-B87F-9CB75E2B011F}.Debug|Any CPU.ActiveCfg = Debug|Any CPU
		{4449A886-A8FA-4ECD-B87F-9CB75E2B011F}.Debug|Any CPU.Build.0 = Debug|Any CPU
		{4449A886-A8FA-4ECD-B87F-9CB75E2B011F}.Release|Any CPU.ActiveCfg = Release|Any CPU
		{4449A886-A8FA-4ECD-B87F-9CB75E2B011F}.Release|Any CPU.Build.0 = Release|Any CPU
	EndGlobalSection
	GlobalSection(SolutionProperties) = preSolution
		HideSolutionNode = FALSE
	EndGlobalSection
	GlobalSection(ExtensibilityGlobals) = postSolution
		SolutionGuid = {3FDDA9E7-F7AE-4B9F-A183-35111B510DFC}
	EndGlobalSection
EndGlobal
